
Microsoft Visual Studio Solution File, Format Version 12.00
# Visual Studio Version 17
VisualStudioVersion = 17.8.34330.188
MinimumVisualStudioVersion = 10.0.40219.1
Project("{9A19103F-16F7-4668-BE54-9A1E7A4F7556}") = "SocketServer", "SocketServer\SocketServer.csproj", "{5018D505-C6A7-4D21-9489-842813C69F99}"
EndProject
Project("{9A19103F-16F7-4668-BE54-9A1E7A4F7556}") = "SocketClient", "SocketClient\SocketClient.csproj", "{34F29295-3290-4792-A285-2BED024F800C}"
EndProject
Project("{FAE04EC0-301F-11D3-BF4B-00C04F79EFBC}") = "Security", "Security\Security.csproj", "{F78B5062-F00B-4B82-82D7-B9750292EB3D}"
EndProject
Global
	GlobalSection(SolutionConfigurationPlatforms) = preSolution
		Debug|Any CPU = Debug|Any CPU
		Release|Any CPU = Release|Any CPU
	EndGlobalSection
	GlobalSection(ProjectConfigurationPlatforms) = postSolution
		{5018D505-C6A7-4D21-9489-842813C69F99}.Debug|Any CPU.ActiveCfg = Debug|Any CPU
		{5018D505-C6A7-4D21-9489-842813C69F99}.Debug|Any CPU.Build.0 = Debug|Any CPU
		{5018D505-C6A7-4D21-9489-842813C69F99}.Release|Any CPU.ActiveCfg = Release|Any CPU
		{5018D505-C6A7-4D21-9489-842813C69F99}.Release|Any CPU.Build.0 = Release|Any CPU
		{34F29295-3290-4792-A285-2BED024F800C}.Debug|Any CPU.ActiveCfg = Debug|Any CPU
		{34F29295-3290-4792-A285-2BED024F800C}.Debug|Any CPU.Build.0 = Debug|Any CPU
		{34F29295-3290-4792-A285-2BED024F800C}.Release|Any CPU.ActiveCfg = Release|Any CPU
		{34F29295-3290-4792-A285-2BED024F800C}.Release|Any CPU.Build.0 = Release|Any CPU
		{F78B5062-F00B-4B82-82D7-B9750292EB3D}.Debug|Any CPU.ActiveCfg = Debug|Any CPU
		{F78B5062-F00B-4B82-82D7-B9750292EB3D}.Debug|Any CPU.Build.0 = Debug|Any CPU
		{F78B5062-F00B-4B82-82D7-B9750292EB3D}.Release|Any CPU.ActiveCfg = Release|Any CPU
		{F78B5062-F00B-4B82-82D7-B9750292EB3D}.Release|Any CPU.Build.0 = Release|Any CPU
	EndGlobalSection
	GlobalSection(SolutionProperties) = preSolution
		HideSolutionNode = FALSE
	EndGlobalSection
	GlobalSection(ExtensibilityGlobals) = postSolution
		SolutionGuid = {1B7E887B-DDFA-41BF-87D7-B665010596AE}
	EndGlobalSection
EndGlobal
